
Microsoft Visual Studio Solution File, Format Version 12.00
# Visual Studio Version 17
VisualStudioVersion = 17.14.36518.9
MinimumVisualStudioVersion = 10.0.40219.1
Project("{FAE04EC0-301F-11D3-BF4B-00C04F79EFBC}") = "IntensApp", "IntensApp.csproj", "{4AEBF0B5-393D-4A6D-B8C3-97B837643BB2}"
EndProject
Project("{FAE04EC0-301F-11D3-BF4B-00C04F79EFBC}") = "IntensApp.Tests", "..\IntensApp.Tests\IntensApp.Tests.csproj", "{74843E4F-05B8-48FC-8560-96FD82257CB4}"
EndProject
Global
	GlobalSection(SolutionConfigurationPlatforms) = preSolution
		Debug|Any CPU = Debug|Any CPU
		Release|Any CPU = Release|Any CPU
	EndGlobalSection
	GlobalSection(ProjectConfigurationPlatforms) = postSolution
		{4AEBF0B5-393D-4A6D-B8C3-97B837643BB2}.Debug|Any CPU.ActiveCfg = Debug|Any CPU
		{4AEBF0B5-393D-4A6D-B8C3-97B837643BB2}.Debug|Any CPU.Build.0 = Debug|Any CPU
		{4AEBF0B5-393D-4A6D-B8C3-97B837643BB2}.Release|Any CPU.ActiveCfg = Release|Any CPU
		{4AEBF0B5-393D-4A6D-B8C3-97B837643BB2}.Release|Any CPU.Build.0 = Release|Any CPU
		{74843E4F-05B8-48FC-8560-96FD82257CB4}.Debug|Any CPU.ActiveCfg = Debug|Any CPU
		{74843E4F-05B8-48FC-8560-96FD82257CB4}.Debug|Any CPU.Build.0 = Debug|Any CPU
		{74843E4F-05B8-48FC-8560-96FD82257CB4}.Release|Any CPU.ActiveCfg = Release|Any CPU
		{74843E4F-05B8-48FC-8560-96FD82257CB4}.Release|Any CPU.Build.0 = Release|Any CPU
	EndGlobalSection
	GlobalSection(SolutionProperties) = preSolution
		HideSolutionNode = FALSE
	EndGlobalSection
	GlobalSection(ExtensibilityGlobals) = postSolution
		SolutionGuid = {6B82F531-8915-48AF-9AC2-786D32647210}
	EndGlobalSection
EndGlobal
